
Microsoft Visual Studio Solution File, Format Version 12.00
# Visual Studio Version 17
VisualStudioVersion = 17.8.34205.153
MinimumVisualStudioVersion = 10.0.40219.1
Project("{FAE04EC0-301F-11D3-BF4B-00C04F79EFBC}") = "Background", "Background.csproj", "{F06BE0B8-8D48-441A-A089-05CC386EA351}"
EndProject
Global
	GlobalSection(SolutionConfigurationPlatforms) = preSolution
		Debug|Any CPU = Debug|Any CPU
		Release|Any CPU = Release|Any CPU
	EndGlobalSection
	GlobalSection(ProjectConfigurationPlatforms) = postSolution
		{F06BE0B8-8D48-441A-A089-05CC386EA351}.Debug|Any CPU.ActiveCfg = Debug|Any CPU
		{F06BE0B8-8D48-441A-A089-05CC386EA351}.Debug|Any CPU.Build.0 = Debug|Any CPU
		{F06BE0B8-8D48-441A-A089-05CC386EA351}.Release|Any CPU.ActiveCfg = Release|Any CPU
		{F06BE0B8-8D48-441A-A089-05CC386EA351}.Release|Any CPU.Build.0 = Release|Any CPU
	EndGlobalSection
	GlobalSection(SolutionProperties) = preSolution
		HideSolutionNode = FALSE
	EndGlobalSection
	GlobalSection(ExtensibilityGlobals) = postSolution
		SolutionGuid = {758B2A6D-7CE7-48F6-A436-F56CE34FCAEF}
	EndGlobalSection
EndGlobal
